
Microsoft Visual Studio Solution File, Format Version 12.00
# Visual Studio Version 16
VisualStudioVersion = 16.0.29519.181
MinimumVisualStudioVersion = 10.0.40219.1
Project("{FAE04EC0-301F-11D3-BF4B-00C04F79EFBC}") = "DiscordGo", "DiscordGo\DiscordGo.csproj", "{1C6B3CB4-B6D5-4E62-9404-6C898E556593}"
EndProject
Global
	GlobalSection(SolutionConfigurationPlatforms) = preSolution
		Debug|Any CPU = Debug|Any CPU
		Release|Any CPU = Release|Any CPU
	EndGlobalSection
	GlobalSection(ProjectConfigurationPlatforms) = postSolution
		{1C6B3CB4-B6D5-4E62-9404-6C898E556593}.Debug|Any CPU.ActiveCfg = Debug|Any CPU
		{1C6B3CB4-B6D5-4E62-9404-6C898E556593}.Debug|Any CPU.Build.0 = Debug|Any CPU
		{1C6B3CB4-B6D5-4E62-9404-6C898E556593}.Release|Any CPU.ActiveCfg = Release|Any CPU
		{1C6B3CB4-B6D5-4E62-9404-6C898E556593}.Release|Any CPU.Build.0 = Release|Any CPU
	EndGlobalSection
	GlobalSection(SolutionProperties) = preSolution
		HideSolutionNode = FALSE
	EndGlobalSection
	GlobalSection(ExtensibilityGlobals) = postSolution
		SolutionGuid = {C940F02F-276D-4AB3-BE47-A1D366345B09}
	EndGlobalSection
EndGlobal
